
Microsoft Visual Studio Solution File, Format Version 12.00
# Visual Studio Version 16
VisualStudioVersion = 16.0.29728.190
MinimumVisualStudioVersion = 10.0.40219.1
Project("{FAE04EC0-301F-11D3-BF4B-00C04F79EFBC}") = "Diplom1", "Diplom1\Diplom1.csproj", "{542D9C88-9D0F-4628-A4E4-75F8E22C9C7D}"
EndProject
Global
	GlobalSection(SolutionConfigurationPlatforms) = preSolution
		Debug|Any CPU = Debug|Any CPU
		Release|Any CPU = Release|Any CPU
	EndGlobalSection
	GlobalSection(ProjectConfigurationPlatforms) = postSolution
		{542D9C88-9D0F-4628-A4E4-75F8E22C9C7D}.Debug|Any CPU.ActiveCfg = Debug|Any CPU
		{542D9C88-9D0F-4628-A4E4-75F8E22C9C7D}.Debug|Any CPU.Build.0 = Debug|Any CPU
		{542D9C88-9D0F-4628-A4E4-75F8E22C9C7D}.Release|Any CPU.ActiveCfg = Release|Any CPU
		{542D9C88-9D0F-4628-A4E4-75F8E22C9C7D}.Release|Any CPU.Build.0 = Release|Any CPU
	EndGlobalSection
	GlobalSection(SolutionProperties) = preSolution
		HideSolutionNode = FALSE
	EndGlobalSection
	GlobalSection(ExtensibilityGlobals) = postSolution
		SolutionGuid = {EF9CDD31-0707-4247-B9D7-6A2777ED365A}
	EndGlobalSection
EndGlobal
